
Microsoft Visual Studio Solution File, Format Version 12.00
# Visual Studio 15
VisualStudioVersion = 15.0.27130.2010
MinimumVisualStudioVersion = 10.0.40219.1
Project("{FAE04EC0-301F-11D3-BF4B-00C04F79EFBC}") = "DI", "DI\DI.csproj", "{2B8FBBED-D732-4D1E-84FC-1792A99192A4}"
EndProject
Global
	GlobalSection(SolutionConfigurationPlatforms) = preSolution
		Debug|Any CPU = Debug|Any CPU
		Release|Any CPU = Release|Any CPU
	EndGlobalSection
	GlobalSection(ProjectConfigurationPlatforms) = postSolution
		{2B8FBBED-D732-4D1E-84FC-1792A99192A4}.Debug|Any CPU.ActiveCfg = Debug|Any CPU
		{2B8FBBED-D732-4D1E-84FC-1792A99192A4}.Debug|Any CPU.Build.0 = Debug|Any CPU
		{2B8FBBED-D732-4D1E-84FC-1792A99192A4}.Release|Any CPU.ActiveCfg = Release|Any CPU
		{2B8FBBED-D732-4D1E-84FC-1792A99192A4}.Release|Any CPU.Build.0 = Release|Any CPU
	EndGlobalSection
	GlobalSection(SolutionProperties) = preSolution
		HideSolutionNode = FALSE
	EndGlobalSection
	GlobalSection(ExtensibilityGlobals) = postSolution
		SolutionGuid = {D3FFB17B-4B4F-4874-995A-40C9D2AB1145}
	EndGlobalSection
EndGlobal
