
Microsoft Visual Studio Solution File, Format Version 12.00
# Visual Studio Version 17
VisualStudioVersion = 17.8.34511.84
MinimumVisualStudioVersion = 10.0.40219.1
Project("{FAE04EC0-301F-11D3-BF4B-00C04F79EFBC}") = "HashingMethods", "HashingMethods.csproj", "{5F35B017-AA4C-45CE-B1AB-DB82BDB3A144}"
EndProject
Global
	GlobalSection(SolutionConfigurationPlatforms) = preSolution
		Debug|Any CPU = Debug|Any CPU
		Release|Any CPU = Release|Any CPU
	EndGlobalSection
	GlobalSection(ProjectConfigurationPlatforms) = postSolution
		{5F35B017-AA4C-45CE-B1AB-DB82BDB3A144}.Debug|Any CPU.ActiveCfg = Debug|Any CPU
		{5F35B017-AA4C-45CE-B1AB-DB82BDB3A144}.Debug|Any CPU.Build.0 = Debug|Any CPU
		{5F35B017-AA4C-45CE-B1AB-DB82BDB3A144}.Release|Any CPU.ActiveCfg = Release|Any CPU
		{5F35B017-AA4C-45CE-B1AB-DB82BDB3A144}.Release|Any CPU.Build.0 = Release|Any CPU
	EndGlobalSection
	GlobalSection(SolutionProperties) = preSolution
		HideSolutionNode = FALSE
	EndGlobalSection
	GlobalSection(ExtensibilityGlobals) = postSolution
		SolutionGuid = {08AB88D1-2C04-4E99-A099-E8A28F4FE6E4}
	EndGlobalSection
EndGlobal
