
Microsoft Visual Studio Solution File, Format Version 12.00
# Visual Studio Version 17
VisualStudioVersion = 17.8.34511.84
MinimumVisualStudioVersion = 10.0.40219.1
Project("{FAE04EC0-301F-11D3-BF4B-00C04F79EFBC}") = "Chew and phew", "Chew and phew.csproj", "{036981A3-FCB2-4325-A12F-6AD24944D0ED}"
EndProject
Global
	GlobalSection(SolutionConfigurationPlatforms) = preSolution
		Debug|Any CPU = Debug|Any CPU
		Release|Any CPU = Release|Any CPU
	EndGlobalSection
	GlobalSection(ProjectConfigurationPlatforms) = postSolution
		{036981A3-FCB2-4325-A12F-6AD24944D0ED}.Debug|Any CPU.ActiveCfg = Debug|Any CPU
		{036981A3-FCB2-4325-A12F-6AD24944D0ED}.Debug|Any CPU.Build.0 = Debug|Any CPU
		{036981A3-FCB2-4325-A12F-6AD24944D0ED}.Release|Any CPU.ActiveCfg = Release|Any CPU
		{036981A3-FCB2-4325-A12F-6AD24944D0ED}.Release|Any CPU.Build.0 = Release|Any CPU
	EndGlobalSection
	GlobalSection(SolutionProperties) = preSolution
		HideSolutionNode = FALSE
	EndGlobalSection
	GlobalSection(ExtensibilityGlobals) = postSolution
		SolutionGuid = {3F946F51-AB29-4110-8683-80448D1ADEEE}
	EndGlobalSection
EndGlobal
